// !$*UTF8*$!
{
	archiveVersion = 1;
	classes = {
	};
	objectVersion = 46;
	objects = {

/* Begin PBXBuildFile section */
		A55E6E8D1E85058C00364DF4 /* AppDelegate.swift in Sources */ = {isa = PBXBuildFile; fileRef = A55E6E8C1E85058C00364DF4 /* AppDelegate.swift */; };
		A55E6E8F1E85058C00364DF4 /* ViewController.swift in Sources */ = {isa = PBXBuildFile; fileRef = A55E6E8E1E85058C00364DF4 /* ViewController.swift */; };
		A55E6E921E85058C00364DF4 /* Main.storyboard in Resources */ = {isa = PBXBuildFile; fileRef = A55E6E901E85058C00364DF4 /* Main.storyboard */; };
		A55E6E941E85058C00364DF4 /* Assets.xcassets in Resources */ = {isa = PBXBuildFile; fileRef = A55E6E931E85058C00364DF4 /* Assets.xcassets */; };
		A55E6E971E85058C00364DF4 /* LaunchScreen.storyboard in Resources */ = {isa = PBXBuildFile; fileRef = A55E6E951E85058C00364DF4 /* LaunchScreen.storyboard */; };
/* End PBXBuildFile section */

/* Begin PBXFileReference section */
		A55E6E891E85058C00364DF4 /* Poxedex.app */ = {isa = PBXFileReference; explicitFileType = wrapper.application; includeInIndex = 0; path = Poxedex.app; sourceTree = BUILT_PRODUCTS_DIR; };
		A55E6E8C1E85058C00364DF4 /* AppDelegate.swift */ = {isa = PBXFileReference; lastKnownFileType = sourcecode.swift; path = AppDelegate.swift; sourceTree = "<group>"; };
		A55E6E8E1E85058C00364DF4 /* ViewController.swift */ = {isa = PBXFileReference; lastKnownFileType = sourcecode.swift; path = ViewController.swift; sourceTree = "<group>"; };
		A55E6E911E85058C00364DF4 /* Base */ = {isa = PBXFileReference; lastKnownFileType = file.storyboard; name = Base; path = Base.lproj/Main.storyboard; sourceTree = "<group>"; };
		A55E6E931E85058C00364DF4 /* Assets.xcassets */ = {isa = PBXFileReference; lastKnownFileType = folder.assetcatalog; path = Assets.xcassets; sourceTree = "<group>"; };
		A55E6E961E85058C00364DF4 /* Base */ = {isa = PBXFileReference; lastKnownFileType = file.storyboard; name = Base; path = Base.lproj/LaunchScreen.storyboard; sourceTree = "<group>"; };
		A55E6E981E85058C00364DF4 /* Info.plist */ = {isa = PBXFileReference; lastKnownFileType = text.plist.xml; path = Info.plist; sourceTree = "<group>"; };
/* End PBXFileReference section */

/* Begin PBXFrameworksBuildPhase section */
		A55E6E861E85058B00364DF4 /* Frameworks */ = {
			isa = PBXFrameworksBuildPhase;
			buildActionMask = 2147483647;
			files = (
			);
			runOnlyForDeploymentPostprocessing = 0;
		};
/* End PBXFrameworksBuildPhase section */

/* Begin PBXGroup section */
		A55E6E801E85058B00364DF4 = {
			isa = PBXGroup;
			children = (
				A55E6E8B1E85058C00364DF4 /* Poxedex */,
				A55E6E8A1E85058C00364DF4 /* Products */,
			);
			sourceTree = "<group>";
		};
		A55E6E8A1E85058C00364DF4 /* Products */ = {
			isa = PBXGroup;
			children = (
				A55E6E891E85058C00364DF4 /* Poxedex.app */,
			);
			name = Products;
			sourceTree = "<group>";
		};
		A55E6E8B1E85058C00364DF4 /* Poxedex */ = {
			isa = PBXGroup;
			children = (
				A55E6E8C1E85058C00364DF4 /* AppDelegate.swift */,
				A55E6E8E1E85058C00364DF4 /* ViewController.swift */,
				A55E6E901E85058C00364DF4 /* Main.storyboard */,
				A55E6E931E85058C00364DF4 /* Assets.xcassets */,
				A55E6E951E85058C00364DF4 /* LaunchScreen.storyboard */,
				A55E6E981E85058C00364DF4 /* Info.plist */,
			);
			path = Poxedex;
			sourceTree = "<group>";
		};
/* End PBXGroup section */

/* Begin PBXNativeTarget section */
		A55E6E881E85058B00364DF4 /* Poxedex */ = {
			isa = PBXNativeTarget;
			buildConfigurationList = A55E6E9B1E85058C00364DF4 /* Build configuration list for PBXNativeTarget "Poxedex" */;
			buildPhases = (
				A55E6E851E85058B00364DF4 /* Sources */,
				A55E6E861E85058B00364DF4 /* Frameworks */,
				A55E6E871E85058B00364DF4 /* Resources */,
			);
			buildRules = (
			);
			dependencies = (
			);
			name = Poxedex;
			productName = Poxedex;
			productReference = A55E6E891E85058C00364DF4 /* Poxedex.app */;
			productType = "com.apple.product-type.application";
		};
/* End PBXNativeTarget section */

/* Begin PBXProject section */
		A55E6E811E85058B00364DF4 /* Project object */ = {
			isa = PBXProject;
			attributes = {
				LastSwiftUpdateCheck = 0820;
				LastUpgradeCheck = 0820;
				ORGANIZATIONNAME = xserge;
				TargetAttributes = {
					A55E6E881E85058B00364DF4 = {
						CreatedOnToolsVersion = 8.2.1;
						DevelopmentTeam = V2E3YRDVD6;
						ProvisioningStyle = Automatic;
					};
				};
			};
			buildConfigurationList = A55E6E841E85058B00364DF4 /* Build configuration list for PBXProject "Poxedex" */;
			compatibilityVersion = "Xcode 3.2";
			developmentRegion = English;
			hasScannedForEncodings = 0;
			knownRegions = (
				en,
				Base,
			);
			mainGroup = A55E6E801E85058B00364DF4;
			productRefGroup = A55E6E8A1E85058C00364DF4 /* Products */;
			projectDirPath = "";
			projectRoot = "";
			targets = (
				A55E6E881E85058B00364DF4 /* Poxedex */,
			);
		};
/* End PBXProject section */

/* Begin PBXResourcesBuildPhase section */
		A55E6E871E85058B00364DF4 /* Resources */ = {
			isa = PBXResourcesBuildPhase;
			buildActionMask = 2147483647;
			files = (
				A55E6E971E85058C00364DF4 /* LaunchScreen.storyboard in Resources */,
				A55E6E941E85058C00364DF4 /* Assets.xcassets in Resources */,
				A55E6E921E85058C00364DF4 /* Main.storyboard in Resources */,
			);
			runOnlyForDeploymentPostprocessing = 0;
		};
/* End PBXResourcesBuildPhase section */

/* Begin PBXSourcesBuildPhase section */
		A55E6E851E85058B00364DF4 /* Sources */ = {
			isa = PBXSourcesBuildPhase;
			buildActionMask = 2147483647;
			files = (
				A55E6E8F1E85058C00364DF4 /* ViewController.swift in Sources */,
				A55E6E8D1E85058C00364DF4 /* AppDelegate.swift in Sources */,
			);
			runOnlyForDeploymentPostprocessing = 0;
		};
/* End PBXSourcesBuildPhase section */

/* Begin PBXVariantGroup section */
		A55E6E901E85058C00364DF4 /* Main.storyboard */ = {
			isa = PBXVariantGroup;
			children = (
				A55E6E911E85058C00364DF4 /* Base */,
			);
			name = Main.storyboard;
			sourceTree = "<group>";
		};
		A55E6E951E85058C00364DF4 /* LaunchScreen.storyboard */ = {
			isa = PBXVariantGroup;
			children = (
				A55E6E961E85058C00364DF4 /* Base */,
			);
			name = LaunchScreen.storyboard;
			sourceTree = "<group>";
		};
/* End PBXVariantGroup section */

/* Begin XCBuildConfiguration section */
		A55E6E991E85058C00364DF4 /* Debug */ = {
			isa = XCBuildConfiguration;
			buildSettings = {
				ALWAYS_SEARCH_USER_PATHS = NO;
				CLANG_ANALYZER_NONNULL = YES;
				CLANG_CXX_LANGUAGE_STANDARD = "gnu++0x";
				CLANG_CXX_LIBRARY = "libc++";
				CLANG_ENABLE_MODULES = YES;
				CLANG_ENABLE_OBJC_ARC = YES;
				CLANG_WARN_BOOL_CONVERSION = YES;
				CLANG_WARN_CONSTANT_CONVERSION = YES;
				CLANG_WARN_DIRECT_OBJC_ISA_USAGE = YES_ERROR;
				CLANG_WARN_DOCUMENTATION_COMMENTS = YES;
				CLANG_WARN_EMPTY_BODY = YES;
				CLANG_WARN_ENUM_CONVERSION = YES;
				CLANG_WARN_INFINITE_RECURSION = YES;
				CLANG_WARN_INT_CONVERSION = YES;
				CLANG_WARN_OBJC_ROOT_CLASS = YES_ERROR;
				CLANG_WARN_SUSPICIOUS_MOVE = YES;
				CLANG_WARN_UNREACHABLE_CODE = YES;
				CLANG_WARN__DUPLICATE_METHOD_MATCH = YES;
				"CODE_SIGN_IDENTITY[sdk=iphoneos*]" = "iPhone Developer";
				COPY_PHASE_STRIP = NO;
				DEBUG_INFORMATION_FORMAT = dwarf;
				ENABLE_STRICT_OBJC_MSGSEND = YES;
				ENABLE_TESTABILITY = YES;
				GCC_C_LANGUAGE_STANDARD = gnu99;
				GCC_DYNAMIC_NO_PIC = NO;
				GCC_NO_COMMON_BLOCKS = YES;
				GCC_OPTIMIZATION_LEVEL = 0;
				GCC_PREPROCESSOR_DEFINITIONS = (
					"DEBUG=1",
					"$(inherited)",
				);
				GCC_WARN_64_TO_32_BIT_CONVERSION = YES;
				GCC_WARN_ABOUT_RETURN_TYPE = YES_ERROR;
				GCC_WARN_UNDECLARED_SELECTOR = YES;
				GCC_WARN_UNINITIALIZED_AUTOS = YES_AGGRESSIVE;
				GCC_WARN_UNUSED_FUNCTION = YES;
				GCC_WARN_UNUSED_VARIABLE = YES;
				IPHONEOS_DEPLOYMENT_TARGET = 10.2;
				MTL_ENABLE_DEBUG_INFO = YES;
				ONLY_ACTIVE_ARCH = YES;
				SDKROOT = iphoneos;
				SWIFT_ACTIVE_COMPILATION_CONDITIONS = DEBUG;
				SWIFT_OPTIMIZATION_LEVEL = "-Onone";
				TARGETED_DEVICE_FAMILY = "1,2";
			};
			name = Debug;
		};
		A55E6E9A1E85058C00364DF4 /* Release */ = {
			isa = XCBuildConfiguration;
			buildSettings = {
				ALWAYS_SEARCH_USER_PATHS = NO;
				CLANG_ANALYZER_NONNULL = YES;
				CLANG_CXX_LANGUAGE_STANDARD = "gnu++0x";
				CLANG_CXX_LIBRARY = "libc++";
				CLANG_ENABLE_MODULES = YES;
				CLANG_ENABLE_OBJC_ARC = YES;
				CLANG_WARN_BOOL_CONVERSION = YES;
				CLANG_WARN_CONSTANT_CONVERSION = YES;
				CLANG_WARN_DIRECT_OBJC_ISA_USAGE = YES_ERROR;
				CLANG_WARN_DOCUMENTATION_COMMENTS = YES;
				CLANG_WARN_EMPTY_BODY = YES;
				CLANG_WARN_ENUM_CONVERSION = YES;
				CLANG_WARN_INFINITE_RECURSION = YES;
				CLANG_WARN_INT_CONVERSION = YES;
				CLANG_WARN_OBJC_ROOT_CLASS = YES_ERROR;
				CLANG_WARN_SUSPICIOUS_MOVE = YES;
				CLANG_WARN_UNREACHABLE_CODE = YES;
				CLANG_WARN__DUPLICATE_METHOD_MATCH = YES;
				"CODE_SIGN_IDENTITY[sdk=iphoneos*]" = "iPhone Developer";
				COPY_PHASE_STRIP = NO;
				DEBUG_INFORMATION_FORMAT = "dwarf-with-dsym";
				ENABLE_NS_ASSERTIONS = NO;
				ENABLE_STRICT_OBJC_MSGSEND = YES;
				GCC_C_LANGUAGE_STANDARD = gnu99;
				GCC_NO_COMMON_BLOCKS = YES;
				GCC_WARN_64_TO_32_BIT_CONVERSION = YES;
				GCC_WARN_ABOUT_RETURN_TYPE = YES_ERROR;
				GCC_WARN_UNDECLARED_SELECTOR = YES;
				GCC_WARN_UNINITIALIZED_AUTOS = YES_AGGRESSIVE;
				GCC_WARN_UNUSED_FUNCTION = YES;
				GCC_WARN_UNUSED_VARIABLE = YES;
				IPHONEOS_DEPLOYMENT_TARGET = 10.2;
				MTL_ENABLE_DEBUG_INFO = NO;
				SDKROOT = iphoneos;
				SWIFT_OPTIMIZATION_LEVEL = "-Owholemodule";
				TARGETED_DEVICE_FAMILY = "1,2";
				VALIDATE_PRODUCT = YES;
			};
			name = Release;
		};
		A55E6E9C1E85058C00364DF4 /* Debug */ = {
			isa = XCBuildConfiguration;
			buildSettings = {
				ASSETCATALOG_COMPILER_APPICON_NAME = AppIcon;
				DEVELOPMENT_TEAM = V2E3YRDVD6;
				INFOPLIST_FILE = Poxedex/Info.plist;
				LD_RUNPATH_SEARCH_PATHS = "$(inherited) @executable_path/Frameworks";
				PRODUCT_BUNDLE_IDENTIFIER = ru.xserge.Poxedex;
				PRODUCT_NAME = "$(TARGET_NAME)";
				SWIFT_VERSION = 3.0;
			};
			name = Debug;
		};
		A55E6E9D1E85058C00364DF4 /* Release */ = {
			isa = XCBuildConfiguration;
			buildSettings = {
				ASSETCATALOG_COMPILER_APPICON_NAME = AppIcon;
				DEVELOPMENT_TEAM = V2E3YRDVD6;
				INFOPLIST_FILE = Poxedex/Info.plist;
				LD_RUNPATH_SEARCH_PATHS = "$(inherited) @executable_path/Frameworks";
				PRODUCT_BUNDLE_IDENTIFIER = ru.xserge.Poxedex;
				PRODUCT_NAME = "$(TARGET_NAME)";
				SWIFT_VERSION = 3.0;
			};
			name = Release;
		};
/* End XCBuildConfiguration section */

/* Begin XCConfigurationList section */
		A55E6E841E85058B00364DF4 /* Build configuration list for PBXProject "Poxedex" */ = {
			isa = XCConfigurationList;
			buildConfigurations = (
				A55E6E991E85058C00364DF4 /* Debug */,
				A55E6E9A1E85058C00364DF4 /* Release */,
			);
			defaultConfigurationIsVisible = 0;
			defaultConfigurationName = Release;
		};
		A55E6E9B1E85058C00364DF4 /* Build configuration list for PBXNativeTarget "Poxedex" */ = {
			isa = XCConfigurationList;
			buildConfigurations = (
				A55E6E9C1E85058C00364DF4 /* Debug */,
				A55E6E9D1E85058C00364DF4 /* Release */,
			);
			defaultConfigurationIsVisible = 0;
		};
/* End XCConfigurationList section */
	};
	rootObject = A55E6E811E85058B00364DF4 /* Project object */;
}
